
Microsoft Visual Studio Solution File, Format Version 12.00
# Visual Studio 2013
VisualStudioVersion = 12.0.21005.1
MinimumVisualStudioVersion = 10.0.40219.1
Project("{FAE04EC0-301F-11D3-BF4B-00C04F79EFBC}") = "LemmaSharp", "LemmaSharp\LemmaSharp.csproj", "{A39293C1-92D8-47B9-93A4-41F443B4F9E4}"
EndProject
Project("{FAE04EC0-301F-11D3-BF4B-00C04F79EFBC}") = "Test", "Test\Test.csproj", "{C5B09C13-EA3B-4A00-B3D6-F8B790B108CA}"
EndProject
Project("{FAE04EC0-301F-11D3-BF4B-00C04F79EFBC}") = "SourceFileBuilder", "SourceFileBuilder\SourceFileBuilder.csproj", "{D5450D07-4F00-4EA5-A99A-A570845CE6F9}"
EndProject
Global
	GlobalSection(SolutionConfigurationPlatforms) = preSolution
		Debug|Any CPU = Debug|Any CPU
		Debug|x64 = Debug|x64
		Debug|x86 = Debug|x86
		Release|Any CPU = Release|Any CPU
		Release|x64 = Release|x64
		Release|x86 = Release|x86
	EndGlobalSection
	GlobalSection(ProjectConfigurationPlatforms) = postSolution
		{A39293C1-92D8-47B9-93A4-41F443B4F9E4}.Debug|Any CPU.ActiveCfg = Debug|Any CPU
		{A39293C1-92D8-47B9-93A4-41F443B4F9E4}.Debug|Any CPU.Build.0 = Debug|Any CPU
		{A39293C1-92D8-47B9-93A4-41F443B4F9E4}.Debug|x64.ActiveCfg = Debug|x64
		{A39293C1-92D8-47B9-93A4-41F443B4F9E4}.Debug|x64.Build.0 = Debug|x64
		{A39293C1-92D8-47B9-93A4-41F443B4F9E4}.Debug|x86.ActiveCfg = Debug|x86
		{A39293C1-92D8-47B9-93A4-41F443B4F9E4}.Debug|x86.Build.0 = Debug|x86
		{A39293C1-92D8-47B9-93A4-41F443B4F9E4}.Release|Any CPU.ActiveCfg = Release|Any CPU
		{A39293C1-92D8-47B9-93A4-41F443B4F9E4}.Release|Any CPU.Build.0 = Release|Any CPU
		{A39293C1-92D8-47B9-93A4-41F443B4F9E4}.Release|x64.ActiveCfg = Release|x64
		{A39293C1-92D8-47B9-93A4-41F443B4F9E4}.Release|x64.Build.0 = Release|x64
		{A39293C1-92D8-47B9-93A4-41F443B4F9E4}.Release|x86.ActiveCfg = Release|x86
		{A39293C1-92D8-47B9-93A4-41F443B4F9E4}.Release|x86.Build.0 = Release|x86
		{C5B09C13-EA3B-4A00-B3D6-F8B790B108CA}.Debug|Any CPU.ActiveCfg = Debug|Any CPU
		{C5B09C13-EA3B-4A00-B3D6-F8B790B108CA}.Debug|Any CPU.Build.0 = Debug|Any CPU
		{C5B09C13-EA3B-4A00-B3D6-F8B790B108CA}.Debug|x64.ActiveCfg = Debug|Any CPU
		{C5B09C13-EA3B-4A00-B3D6-F8B790B108CA}.Debug|x86.ActiveCfg = Debug|Any CPU
		{C5B09C13-EA3B-4A00-B3D6-F8B790B108CA}.Release|Any CPU.ActiveCfg = Release|Any CPU
		{C5B09C13-EA3B-4A00-B3D6-F8B790B108CA}.Release|Any CPU.Build.0 = Release|Any CPU
		{C5B09C13-EA3B-4A00-B3D6-F8B790B108CA}.Release|x64.ActiveCfg = Release|Any CPU
		{C5B09C13-EA3B-4A00-B3D6-F8B790B108CA}.Release|x86.ActiveCfg = Release|Any CPU
		{D5450D07-4F00-4EA5-A99A-A570845CE6F9}.Debug|Any CPU.ActiveCfg = Debug|Any CPU
		{D5450D07-4F00-4EA5-A99A-A570845CE6F9}.Debug|Any CPU.Build.0 = Debug|Any CPU
		{D5450D07-4F00-4EA5-A99A-A570845CE6F9}.Debug|x64.ActiveCfg = Debug|Any CPU
		{D5450D07-4F00-4EA5-A99A-A570845CE6F9}.Debug|x86.ActiveCfg = Debug|Any CPU
		{D5450D07-4F00-4EA5-A99A-A570845CE6F9}.Release|Any CPU.ActiveCfg = Release|Any CPU
		{D5450D07-4F00-4EA5-A99A-A570845CE6F9}.Release|Any CPU.Build.0 = Release|Any CPU
		{D5450D07-4F00-4EA5-A99A-A570845CE6F9}.Release|x64.ActiveCfg = Release|Any CPU
		{D5450D07-4F00-4EA5-A99A-A570845CE6F9}.Release|x86.ActiveCfg = Release|Any CPU
	EndGlobalSection
	GlobalSection(SolutionProperties) = preSolution
		HideSolutionNode = FALSE
	EndGlobalSection
EndGlobal
